# This file is autogenerated, do not edit; changes may be undone by the next 'dep ensure'.


[[projects]]
  digest = "1:c950e574951c7199fb3d990d0e7a61996f40f8e646ba7cf8a557878d4c737f53"
  name = "github.com/go-redis/redis"
  packages = [
    ".",
    "internal",
    "internal/consistenthash",
    "internal/hashtag",
    "internal/pool",
    "internal/proto",
    "internal/util",
  ]
  pruneopts = "UT"
  revision = "75795aa4236dc7341eefac3bbe945e68c99ef9df"
  version = "v6.15.3"

[[projects]]
  digest = "1:582b704bebaa06b48c29b0cec224a6058a09c86883aaddabde889cd1a5f73e1b"
  name = "github.com/google/uuid"
  packages = ["."]
  pruneopts = "UT"
  revision = "0cd6bf5da1e1c83f8b45653022c74f71af0538a4"
  version = "v1.1.1"

[[projects]]
  digest = "1:7b5c6e2eeaa9ae5907c391a91c132abfd5c9e8a784a341b5625e750c67e6825d"
  name = "github.com/gorilla/websocket"
  packages = ["."]
  pruneopts = "UT"
  revision = "66b9c49e59c6c48f0ffce28c2d8b8a5678502c6d"
  version = "v1.4.0"

[[projects]]
  digest = "1:2974498009f33a4cf5c290005a7d8f3b7cdb2735874a92f2bf1f76f4afb6cd35"
  name = "github.com/judwhite/go-svc"
  packages = ["svc"]
  pruneopts = "UT"
  revision = "d83e900e4a688aad49f41263bebf8793f0bf6add"
  version = "v1.1.2"

[[projects]]
  branch = "master"
  digest = "1:5eb0c610a2579ed5fa7c6ed0624a45799b43498b08186e6f807f1ce86933376a"
  name = "golang.org/x/sys"
  packages = [
    "windows",
    "windows/svc",
  ]
  pruneopts = "UT"
  revision = "d432491b91382bba9c2a91776aa47c9430183a6f"

[solve-meta]
  analyzer-name = "dep"
  analyzer-version = 1
  input-imports = [
    "github.com/go-redis/redis",
    "github.com/google/uuid",
    "github.com/gorilla/websocket",
    "github.com/judwhite/go-svc/svc",
  ]
  solver-name = "gps-cdcl"
  solver-version = 1
